{
  "name": "lathika-portfolio",
  "lockfileVersion": 3,
  "requires": true,
  "packages": {
    "": {
      "dependencies": {
        "@tsparticles/react": "^3.0.0",
        "react-animated-cursor": "^2.11.2",
        "react-tsparticles": "^2.12.2",
        "tsparticles": "^3.0.2"
      }
    },
    "node_modules/@tsparticles/engine": {
      "version": "3.0.2",
      "resolved": "https://registry.npmjs.org/@tsparticles/engine/-/engine-3.0.2.tgz",
      "integrity": "sha512-2HhuJuHjz/GiIP0i+jpymnZEXfR82sTkp7jb/sQYfiHCu5Bh0XcNNuvZXbRMgt2qdB+BAupFA7ghIB1FfnLyug==",
      "funding": [
        {
          "type": "github",
          "url": "https://github.com/sponsors/matteobruni"
        },
        {
          "type": "github",
          "url": "https://github.com/sponsors/tsparticles"
        },
        {
          "type": "buymeacoffee",
          "url": "https://www.buymeacoffee.com/matteobruni"
        }
      ],
      "hasInstallScript": true
    },
    "node_modules/@tsparticles/interaction-external-bubble": {
      "version": "3.0.2",
      "license": "MIT",
      "dependencies": {
        "@tsparticles/engine": "^3.0.2"
      }
    },
    "node_modules/@tsparticles/interaction-external-connect": {
      "version": "3.0.2",
      "license": "MIT",
      "dependencies": {
        "@tsparticles/engine": "^3.0.2"
      }
    },
    "node_modules/@tsparticles/interaction-external-grab": {
      "version": "3.0.2",
      "license": "MIT",
      "dependencies": {
        "@tsparticles/engine": "^3.0.2"
      }
    },
    "node_modules/@tsparticles/interaction-external-pause": {
      "version": "3.0.2",
      "license": "MIT",
      "dependencies": {
        "@tsparticles/engine": "^3.0.2"
      }
    },
    "node_modules/@tsparticles/interaction-external-push": {
      "version": "3.0.2",
      "license": "MIT",
      "dependencies": {
        "@tsparticles/engine": "^3.0.2"
      }
    },
    "node_modules/@tsparticles/interaction-external-remove": {
      "version": "3.0.2",
      "license": "MIT",
      "dependencies": {
        "@tsparticles/engine": "^3.0.2"
      }
    },
    "node_modules/@tsparticles/interaction-external-slow": {
      "version": "3.0.2",
      "license": "MIT",
      "dependencies": {
        "@tsparticles/engine": "^3.0.2"
      }
    },
    "node_modules/@tsparticles/interaction-external-trail": {
      "version": "3.0.2",
      "resolved": "https://registry.npmjs.org/@tsparticles/interaction-external-trail/-/interaction-external-trail-3.0.2.tgz",
      "integrity": "sha512-R6F/EP25DIRYRbqbX2r5t+uPnDcR8b7FZxAZHu++dopORywzjbLnufhHhv+ozlOAqTwVnaoCAJ59i6uLrdmvIw==",
      "dependencies": {
        "@tsparticles/engine": "^3.0.2"
      }
    },
    "node_modules/@tsparticles/interaction-particles-attract": {
      "version": "3.0.2",
      "license": "MIT",
      "dependencies": {
        "@tsparticles/engine": "^3.0.2"
      }
    },
    "node_modules/@tsparticles/interaction-particles-collisions": {
      "version": "3.0.2",
      "license": "MIT",
      "dependencies": {
        "@tsparticles/engine": "^3.0.2"
      }
    },
    "node_modules/@tsparticles/interaction-particles-links": {
      "version": "3.0.2",
      "license": "MIT",
      "dependencies": {
        "@tsparticles/engine": "^3.0.2"
      }
    },
    "node_modules/@tsparticles/move-base": {
      "version": "3.0.2",
      "license": "MIT",
      "dependencies": {
        "@tsparticles/engine": "^3.0.2"
      }
    },
    "node_modules/@tsparticles/plugin-absorbers": {
      "version": "3.0.2",
      "resolved": "https://registry.npmjs.org/@tsparticles/plugin-absorbers/-/plugin-absorbers-3.0.2.tgz",
      "integrity": "sha512-lBrd6hjTxc+A1lrVxxgfPF32iWUn5cOJEylwuFq6lzSWSSvbreg/gbpQP4SUWiJgRMTkB4ZhRL/mG93vPkypyA==",
      "dependencies": {
        "@tsparticles/engine": "^3.0.2"
      }
    },
    "node_modules/@tsparticles/plugin-easing-quad": {
      "version": "3.0.2",
      "funding": [
        {
          "type": "github",
          "url": "https://github.com/sponsors/matteobruni"
        },
        {
          "type": "github",
          "url": "https://github.com/sponsors/tsparticles"
        },
        {
          "type": "buymeacoffee",
          "url": "https://www.buymeacoffee.com/matteobruni"
        }
      ],
      "license": "MIT",
      "dependencies": {
        "@tsparticles/engine": "^3.0.2"
      }
    },
    "node_modules/@tsparticles/plugin-emitters": {
      "version": "3.0.2",
      "resolved": "https://registry.npmjs.org/@tsparticles/plugin-emitters/-/plugin-emitters-3.0.2.tgz",
      "integrity": "sha512-F8U/lIIq9EAMXCN308gLi6IoQ56v+qtXoM45KB4oIXPOing1OH1zRiWQ2sVyT1yio8uLMIXLyYdmpgMiFlAvlw==",
      "dependencies": {
        "@tsparticles/engine": "^3.0.2"
      }
    },
    "node_modules/@tsparticles/plugin-emitters-shape-circle": {
      "version": "3.0.2",
      "resolved": "https://registry.npmjs.org/@tsparticles/plugin-emitters-shape-circle/-/plugin-emitters-shape-circle-3.0.2.tgz",
      "integrity": "sha512-E+497R4GXU6/iTl6m4vaUCLQ1roNOnpY+Jieghk5KorNtyyANnnz3Pn5LJhfZ4nyWL88fBdE9dg2lACs/16SSg==",
      "funding": [
        {
          "type": "github",
          "url": "https://github.com/sponsors/matteobruni"
        },
        {
          "type": "github",
          "url": "https://github.com/sponsors/tsparticles"
        },
        {
          "type": "buymeacoffee",
          "url": "https://www.buymeacoffee.com/matteobruni"
        }
      ],
      "dependencies": {
        "@tsparticles/engine": "^3.0.2",
        "@tsparticles/plugin-emitters": "^3.0.2"
      }
    },
    "node_modules/@tsparticles/plugin-emitters-shape-square": {
      "version": "3.0.2",
      "resolved": "https://registry.npmjs.org/@tsparticles/plugin-emitters-shape-square/-/plugin-emitters-shape-square-3.0.2.tgz",
      "integrity": "sha512-LFrzOjpQKHU2ho3JlzuWJZPhzuF4HDrEHTwxTdNdjTs5oh0aU0shQfFKG97yuDvwyQpjnicTDJ/NOoXdNTR92A==",
      "funding": [
        {
          "type": "github",
          "url": "https://github.com/sponsors/matteobruni"
        },
        {
          "type": "github",
          "url": "https://github.com/sponsors/tsparticles"
        },
        {
          "type": "buymeacoffee",
          "url": "https://www.buymeacoffee.com/matteobruni"
        }
      ],
      "dependencies": {
        "@tsparticles/engine": "^3.0.2",
        "@tsparticles/plugin-emitters": "^3.0.2"
      }
    },
    "node_modules/@tsparticles/react": {
      "version": "3.0.0",
      "resolved": "https://registry.npmjs.org/@tsparticles/react/-/react-3.0.0.tgz",
      "integrity": "sha512-hjGEtTT1cwv6BcjL+GcVgH++KYs52bIuQGW3PWv7z3tMa8g0bd6RI/vWSLj7p//NZ3uTjEIeilYIUPBh7Jfq/Q==",
      "peerDependencies": {
        "@tsparticles/engine": "^3.0.2",
        "react": ">=16.8.0",
        "react-dom": ">=16.8.0"
      }
    },
    "node_modules/@tsparticles/shape-circle": {
      "version": "3.0.2",
      "license": "MIT",
      "dependencies": {
        "@tsparticles/engine": "^3.0.2"
      }
    },
    "node_modules/@tsparticles/shape-emoji": {
      "version": "3.0.2",
      "license": "MIT",
      "dependencies": {
        "@tsparticles/engine": "^3.0.2"
      }
    },
    "node_modules/@tsparticles/shape-image": {
      "version": "3.0.2",
      "license": "MIT",
      "dependencies": {
        "@tsparticles/engine": "^3.0.2"
      }
    },
    "node_modules/@tsparticles/shape-line": {
      "version": "3.0.2",
      "license": "MIT",
      "dependencies": {
        "@tsparticles/engine": "^3.0.2"
      }
    },
    "node_modules/@tsparticles/shape-polygon": {
      "version": "3.0.2",
      "license": "MIT",
      "dependencies": {
        "@tsparticles/engine": "^3.0.2"
      }
    },
    "node_modules/@tsparticles/shape-square": {
      "version": "3.0.2",
      "license": "MIT",
      "dependencies": {
        "@tsparticles/engine": "^3.0.2"
      }
    },
    "node_modules/@tsparticles/shape-star": {
      "version": "3.0.2",
      "license": "MIT",
      "dependencies": {
        "@tsparticles/engine": "^3.0.2"
      }
    },
    "node_modules/@tsparticles/shape-text": {
      "version": "3.0.2",
      "resolved": "https://registry.npmjs.org/@tsparticles/shape-text/-/shape-text-3.0.2.tgz",
      "integrity": "sha512-VhWn8qP1iXES04U3W8+5D9W2QRJIFQJghOZrVLVdHcjsJRAmB/kbBwZXXTdvq7hR4uiwSNCoZdwsCZtPs+cYnw==",
      "dependencies": {
        "@tsparticles/engine": "^3.0.2"
      }
    },
    "node_modules/@tsparticles/slim": {
      "version": "3.0.2",
      "resolved": "https://registry.npmjs.org/@tsparticles/slim/-/slim-3.0.2.tgz",
      "integrity": "sha512-EAmfK1Oy2d1zwA1Dfpt0AQaut71zrmXOT4uvzuGq+PRH5CSbhqWuYplKCauYNCw02s+z3o3tCSea5/hcXh3tOA==",
      "funding": [
        {
          "type": "github",
          "url": "https://github.com/sponsors/matteobruni"
        },
        {
          "type": "github",
          "url": "https://github.com/sponsors/tsparticles"
        },
        {
          "type": "buymeacoffee",
          "url": "https://www.buymeacoffee.com/matteobruni"
        }
      ],
      "dependencies": {
        "@tsparticles/basic": "^3.0.2",
        "@tsparticles/engine": "^3.0.2",
        "@tsparticles/interaction-external-attract": "^3.0.2",
        "@tsparticles/interaction-external-bounce": "^3.0.2",
        "@tsparticles/interaction-external-bubble": "^3.0.2",
        "@tsparticles/interaction-external-connect": "^3.0.2",
        "@tsparticles/interaction-external-grab": "^3.0.2",
        "@tsparticles/interaction-external-pause": "^3.0.2",
        "@tsparticles/interaction-external-push": "^3.0.2",
        "@tsparticles/interaction-external-remove": "^3.0.2",
        "@tsparticles/interaction-external-repulse": "^3.0.2",
        "@tsparticles/interaction-external-slow": "^3.0.2",
        "@tsparticles/interaction-particles-attract": "^3.0.2",
        "@tsparticles/interaction-particles-collisions": "^3.0.2",
        "@tsparticles/interaction-particles-links": "^3.0.2",
        "@tsparticles/move-base": "^3.0.2",
        "@tsparticles/move-parallax": "^3.0.2",
        "@tsparticles/plugin-easing-quad": "^3.0.2",
        "@tsparticles/shape-circle": "^3.0.2",
        "@tsparticles/shape-emoji": "^3.0.2",
        "@tsparticles/shape-image": "^3.0.2",
        "@tsparticles/shape-line": "^3.0.2",
        "@tsparticles/shape-polygon": "^3.0.2",
        "@tsparticles/shape-square": "^3.0.2",
        "@tsparticles/shape-star": "^3.0.2",
        "@tsparticles/updater-color": "^3.0.2",
        "@tsparticles/updater-life": "^3.0.2",
        "@tsparticles/updater-opacity": "^3.0.2",
        "@tsparticles/updater-out-modes": "^3.0.2",
        "@tsparticles/updater-rotate": "^3.0.2",
        "@tsparticles/updater-size": "^3.0.2",
        "@tsparticles/updater-stroke-color": "^3.0.2"
      }
    },
    "node_modules/@tsparticles/slim/node_modules/@tsparticles/basic": {
      "version": "3.0.2",
      "resolved": "https://registry.npmjs.org/@tsparticles/basic/-/basic-3.0.2.tgz",
      "integrity": "sha512-aM3X4daYRFxrkZ7+puHYjlgWjFaU4ROe8XOx7K+BnADfd0WM1I+JC0kspMEOe0b0qoiCbbbRpBqD135Kc75FXg==",
      "funding": [
        {
          "type": "github",
          "url": "https://github.com/sponsors/matteobruni"
        },
        {
          "type": "github",
          "url": "https://github.com/sponsors/tsparticles"
        },
        {
          "type": "buymeacoffee",
          "url": "https://www.buymeacoffee.com/matteobruni"
        }
      ],
      "dependencies": {
        "@tsparticles/engine": "^3.0.2",
        "@tsparticles/move-base": "^3.0.2",
        "@tsparticles/shape-circle": "^3.0.2",
        "@tsparticles/updater-color": "^3.0.2",
        "@tsparticles/updater-opacity": "^3.0.2",
        "@tsparticles/updater-out-modes": "^3.0.2",
        "@tsparticles/updater-size": "^3.0.2"
      }
    },
    "node_modules/@tsparticles/slim/node_modules/@tsparticles/interaction-external-attract": {
      "version": "3.0.2",
      "resolved": "https://registry.npmjs.org/@tsparticles/interaction-external-attract/-/interaction-external-attract-3.0.2.tgz",
      "integrity": "sha512-7hrTPDKeDw0f6RbWs5m8eH4Dn+AIwn6d6w32GVbHEc2UQSMAX3G4rZ2ME6LEy8rlpnApIUNTBWFvK+laINtopg==",
      "dependencies": {
        "@tsparticles/engine": "^3.0.2"
      }
    },
    "node_modules/@tsparticles/slim/node_modules/@tsparticles/interaction-external-bounce": {
      "version": "3.0.2",
      "resolved": "https://registry.npmjs.org/@tsparticles/interaction-external-bounce/-/interaction-external-bounce-3.0.2.tgz",
      "integrity": "sha512-uZrNKL3z04tOeL3/EpO/Jq7U1Pdz6jVO1UG8+r9NJg/Pwnrq7+my/1l/Oh2fUYeGzKlsy8NerBwHhNreZzzJzw==",
      "dependencies": {
        "@tsparticles/engine": "^3.0.2"
      }
    },
    "node_modules/@tsparticles/slim/node_modules/@tsparticles/interaction-external-repulse": {
      "version": "3.0.2",
      "resolved": "https://registry.npmjs.org/@tsparticles/interaction-external-repulse/-/interaction-external-repulse-3.0.2.tgz",
      "integrity": "sha512-gQW1eRIhoIb8Hf2EHe9qDkiNC4WM4wSGKfAIZzuU4VufLi323Zr5r9M+go+uc+dinzVPGeuJz38/lUppTOopsg==",
      "dependencies": {
        "@tsparticles/engine": "^3.0.2"
      }
    },
    "node_modules/@tsparticles/slim/node_modules/@tsparticles/move-parallax": {
      "version": "3.0.2",
      "resolved": "https://registry.npmjs.org/@tsparticles/move-parallax/-/move-parallax-3.0.2.tgz",
      "integrity": "sha512-Q/QkDH2QXLxZpLULyYEHwwIeTqzxYRbAtzX+xmzjkfYd3esu9h6s3tjD3ICSYQNvoPXBx2o6yYinmK5comkuMg==",
      "dependencies": {
        "@tsparticles/engine": "^3.0.2"
      }
    },
    "node_modules/@tsparticles/slim/node_modules/@tsparticles/updater-size": {
      "version": "3.0.2",
      "resolved": "https://registry.npmjs.org/@tsparticles/updater-size/-/updater-size-3.0.2.tgz",
      "integrity": "sha512-DPOQvOxf1kEUzA7yEC40JYyvPhOGJirtSiX86vpi3ApTWud2n+B+D3AXS7JhT/g+ISNQ04dICRbRYY0yUeDLFA==",
      "dependencies": {
        "@tsparticles/engine": "^3.0.2"
      }
    },
    "node_modules/@tsparticles/updater-color": {
      "version": "3.0.2",
      "license": "MIT",
      "dependencies": {
        "@tsparticles/engine": "^3.0.2"
      }
    },
    "node_modules/@tsparticles/updater-destroy": {
      "version": "3.0.2",
      "resolved": "https://registry.npmjs.org/@tsparticles/updater-destroy/-/updater-destroy-3.0.2.tgz",
      "integrity": "sha512-6EovcvnKDkI/uKRT1KURoUhIdGsuRDoiFkb4kg6J1Sc8lF9EFtzjFd7hl1WDntl0jbtyhwzE/dFV0sBaPesYOg==",
      "dependencies": {
        "@tsparticles/engine": "^3.0.2"
      }
    },
    "node_modules/@tsparticles/updater-life": {
      "version": "3.0.2",
      "license": "MIT",
      "dependencies": {
        "@tsparticles/engine": "^3.0.2"
      }
    },
    "node_modules/@tsparticles/updater-opacity": {
      "version": "3.0.2",
      "license": "MIT",
      "dependencies": {
        "@tsparticles/engine": "^3.0.2"
      }
    },
    "node_modules/@tsparticles/updater-out-modes": {
      "version": "3.0.2",
      "license": "MIT",
      "dependencies": {
        "@tsparticles/engine": "^3.0.2"
      }
    },
    "node_modules/@tsparticles/updater-roll": {
      "version": "3.0.2",
      "resolved": "https://registry.npmjs.org/@tsparticles/updater-roll/-/updater-roll-3.0.2.tgz",
      "integrity": "sha512-g9hYgnLqOKIdsp+szzL77U1R/S2vsMmkZKnjAqIMfDMu7O6oSwGBCdwetPDKTqwwbYgG3/uC57YofnOor034RQ==",
      "dependencies": {
        "@tsparticles/engine": "^3.0.2"
      }
    },
    "node_modules/@tsparticles/updater-rotate": {
      "version": "3.0.2",
      "license": "MIT",
      "dependencies": {
        "@tsparticles/engine": "^3.0.2"
      }
    },
    "node_modules/@tsparticles/updater-stroke-color": {
      "version": "3.0.2",
      "license": "MIT",
      "dependencies": {
        "@tsparticles/engine": "^3.0.2"
      }
    },
    "node_modules/@tsparticles/updater-tilt": {
      "version": "3.0.2",
      "resolved": "https://registry.npmjs.org/@tsparticles/updater-tilt/-/updater-tilt-3.0.2.tgz",
      "integrity": "sha512-pSwgKcfmwuemCFAFvh1LovJxZhIHSBsqoL5QBWIYbKR2ux+vvumIq3xQUPeFFVPZjsHuWDzrkoSOc9gKsBxRFA==",
      "dependencies": {
        "@tsparticles/engine": "^3.0.2"
      }
    },
    "node_modules/@tsparticles/updater-twinkle": {
      "version": "3.0.2",
      "license": "MIT",
      "dependencies": {
        "@tsparticles/engine": "^3.0.2"
      }
    },
    "node_modules/@tsparticles/updater-wobble": {
      "version": "3.0.2",
      "resolved": "https://registry.npmjs.org/@tsparticles/updater-wobble/-/updater-wobble-3.0.2.tgz",
      "integrity": "sha512-o9bB4GEBfERLt2oNzBiBGO9Th0Udt+WbGx77x/b5Z1tKnkxjEwCWuuBb6pkXgYVLRCiejaC4kXmwG8cAcM77rQ==",
      "dependencies": {
        "@tsparticles/engine": "^3.0.2"
      }
    },
    "node_modules/js-tokens": {
      "version": "4.0.0",
      "license": "MIT",
      "peer": true
    },
    "node_modules/loose-envify": {
      "version": "1.4.0",
      "license": "MIT",
      "peer": true,
      "dependencies": {
        "js-tokens": "^3.0.0 || ^4.0.0"
      },
      "bin": {
        "loose-envify": "cli.js"
      }
    },
    "node_modules/react": {
      "version": "18.2.0",
      "license": "MIT",
      "peer": true,
      "dependencies": {
        "loose-envify": "^1.1.0"
      },
      "engines": {
        "node": ">=0.10.0"
      }
    },
    "node_modules/react-animated-cursor": {
      "version": "2.11.2",
      "resolved": "https://registry.npmjs.org/react-animated-cursor/-/react-animated-cursor-2.11.2.tgz",
      "integrity": "sha512-LV0PtST61tdeW/chCqFt1JLp6i0d5fD9v2uradBcPAkKKCi2Iw7sAcD11ADS1TjXPPj9MOoD9YubEt++/IbZ+g==",
      "peerDependencies": {
        "react": "^18.2.0",
        "react-dom": "^18.2.0"
      }
    },
    "node_modules/react-dom": {
      "version": "18.2.0",
      "resolved": "https://registry.npmjs.org/react-dom/-/react-dom-18.2.0.tgz",
      "integrity": "sha512-6IMTriUmvsjHUjNtEDudZfuDQUoWXVxKHhlEGSk81n4YFS+r/Kl99wXiwlVXtPBtJenozv2P+hxDsw9eA7Xo6g==",
      "peer": true,
      "dependencies": {
        "loose-envify": "^1.1.0",
        "scheduler": "^0.23.0"
      },
      "peerDependencies": {
        "react": "^18.2.0"
      }
    },
    "node_modules/react-tsparticles": {
      "version": "2.12.2",
      "resolved": "https://registry.npmjs.org/react-tsparticles/-/react-tsparticles-2.12.2.tgz",
      "integrity": "sha512-/nrEbyL8UROXKIMXe+f+LZN2ckvkwV2Qa+GGe/H26oEIc+wq/ybSG9REDwQiSt2OaDQGu0MwmA4BKmkL6wAWcA==",
      "deprecated": "@tsparticles/react is the new version, please use that",
      "funding": [
        {
          "type": "github",
          "url": "https://github.com/sponsors/matteobruni"
        },
        {
          "type": "github",
          "url": "https://github.com/sponsors/tsparticles"
        },
        {
          "type": "buymeacoffee",
          "url": "https://www.buymeacoffee.com/matteobruni"
        }
      ],
      "hasInstallScript": true,
      "dependencies": {
        "tsparticles-engine": "^2.12.0"
      },
      "peerDependencies": {
        "react": ">=16"
      }
    },
    "node_modules/scheduler": {
      "version": "0.23.0",
      "resolved": "https://registry.npmjs.org/scheduler/-/scheduler-0.23.0.tgz",
      "integrity": "sha512-CtuThmgHNg7zIZWAXi3AsyIzA3n4xx7aNyjwC2VJldO2LMVDhFK+63xGqq6CsJH4rTAt6/M+N4GhZiDYPx9eUw==",
      "peer": true,
      "dependencies": {
        "loose-envify": "^1.1.0"
      }
    },
    "node_modules/tsparticles": {
      "version": "3.0.2",
      "resolved": "https://registry.npmjs.org/tsparticles/-/tsparticles-3.0.2.tgz",
      "integrity": "sha512-9YzO+qntFbZqnX1VbEAzmTpz/3LiF//AORw8wTJo6JOPezrNfItSjHoOyqCBHW6B8BuJSR++/pPwOdvfbb9zMw==",
      "funding": [
        {
          "type": "github",
          "url": "https://github.com/sponsors/matteobruni"
        },
        {
          "type": "github",
          "url": "https://github.com/sponsors/tsparticles"
        },
        {
          "type": "buymeacoffee",
          "url": "https://www.buymeacoffee.com/matteobruni"
        }
      ],
      "dependencies": {
        "@tsparticles/engine": "^3.0.2",
        "@tsparticles/interaction-external-trail": "^3.0.2",
        "@tsparticles/plugin-absorbers": "^3.0.2",
        "@tsparticles/plugin-emitters": "^3.0.2",
        "@tsparticles/plugin-emitters-shape-circle": "^3.0.2",
        "@tsparticles/plugin-emitters-shape-square": "^3.0.2",
        "@tsparticles/shape-text": "^3.0.2",
        "@tsparticles/slim": "^3.0.2",
        "@tsparticles/updater-destroy": "^3.0.2",
        "@tsparticles/updater-roll": "^3.0.2",
        "@tsparticles/updater-tilt": "^3.0.2",
        "@tsparticles/updater-twinkle": "^3.0.2",
        "@tsparticles/updater-wobble": "^3.0.2"
      }
    },
    "node_modules/tsparticles-engine": {
      "version": "2.12.0",
      "funding": [
        {
          "type": "github",
          "url": "https://github.com/sponsors/matteobruni"
        },
        {
          "type": "github",
          "url": "https://github.com/sponsors/tsparticles"
        },
        {
          "type": "buymeacoffee",
          "url": "https://www.buymeacoffee.com/matteobruni"
        }
      ],
      "hasInstallScript": true,
      "license": "MIT"
    }
  }
}
